
Microsoft Visual Studio Solution File, Format Version 12.00
# Visual Studio Version 16
VisualStudioVersion = 16.0.31515.178
MinimumVisualStudioVersion = 10.0.40219.1
Project("{9A19103F-16F7-4668-BE54-9A1E7A4F7556}") = "NorthwindDbBase", "NorthwindDbBase\NorthwindDbBase.csproj", "{04DF0E87-ACAC-4083-9493-6114DD68290B}"
EndProject
Project("{FAE04EC0-301F-11D3-BF4B-00C04F79EFBC}") = "NorthwindDBDataAnotetion", "NorthwindDBDataAnotetion\NorthwindDBDataAnotetion.csproj", "{684170BE-5C21-4135-867C-8DBD795962FA}"
EndProject
Global
	GlobalSection(SolutionConfigurationPlatforms) = preSolution
		Debug|Any CPU = Debug|Any CPU
		Release|Any CPU = Release|Any CPU
	EndGlobalSection
	GlobalSection(ProjectConfigurationPlatforms) = postSolution
		{04DF0E87-ACAC-4083-9493-6114DD68290B}.Debug|Any CPU.ActiveCfg = Debug|Any CPU
		{04DF0E87-ACAC-4083-9493-6114DD68290B}.Debug|Any CPU.Build.0 = Debug|Any CPU
		{04DF0E87-ACAC-4083-9493-6114DD68290B}.Release|Any CPU.ActiveCfg = Release|Any CPU
		{04DF0E87-ACAC-4083-9493-6114DD68290B}.Release|Any CPU.Build.0 = Release|Any CPU
		{684170BE-5C21-4135-867C-8DBD795962FA}.Debug|Any CPU.ActiveCfg = Debug|Any CPU
		{684170BE-5C21-4135-867C-8DBD795962FA}.Debug|Any CPU.Build.0 = Debug|Any CPU
		{684170BE-5C21-4135-867C-8DBD795962FA}.Release|Any CPU.ActiveCfg = Release|Any CPU
		{684170BE-5C21-4135-867C-8DBD795962FA}.Release|Any CPU.Build.0 = Release|Any CPU
	EndGlobalSection
	GlobalSection(SolutionProperties) = preSolution
		HideSolutionNode = FALSE
	EndGlobalSection
	GlobalSection(ExtensibilityGlobals) = postSolution
		SolutionGuid = {D23EEF70-E319-4ADB-9D56-10AA6562A753}
	EndGlobalSection
EndGlobal
